
Microsoft Visual Studio Solution File, Format Version 12.00
# Visual Studio 15
VisualStudioVersion = 15.0.28307.136
MinimumVisualStudioVersion = 10.0.40219.1
Project("{FAE04EC0-301F-11D3-BF4B-00C04F79EFBC}") = "P03-EnduranceRally", "P03-EnduranceRally\P03-EnduranceRally.csproj", "{042899AE-DCF0-4E82-8B55-F0219EC1F923}"
EndProject
Project("{FAE04EC0-301F-11D3-BF4B-00C04F79EFBC}") = "P04-WinningTicket", "P04-WinningTicket\P04-WinningTicket.csproj", "{4D640A7A-46A6-4A0A-8842-1A1851019B0D}"
EndProject
Global
	GlobalSection(SolutionConfigurationPlatforms) = preSolution
		Debug|Any CPU = Debug|Any CPU
		Release|Any CPU = Release|Any CPU
	EndGlobalSection
	GlobalSection(ProjectConfigurationPlatforms) = postSolution
		{042899AE-DCF0-4E82-8B55-F0219EC1F923}.Debug|Any CPU.ActiveCfg = Debug|Any CPU
		{042899AE-DCF0-4E82-8B55-F0219EC1F923}.Debug|Any CPU.Build.0 = Debug|Any CPU
		{042899AE-DCF0-4E82-8B55-F0219EC1F923}.Release|Any CPU.ActiveCfg = Release|Any CPU
		{042899AE-DCF0-4E82-8B55-F0219EC1F923}.Release|Any CPU.Build.0 = Release|Any CPU
		{4D640A7A-46A6-4A0A-8842-1A1851019B0D}.Debug|Any CPU.ActiveCfg = Debug|Any CPU
		{4D640A7A-46A6-4A0A-8842-1A1851019B0D}.Debug|Any CPU.Build.0 = Debug|Any CPU
		{4D640A7A-46A6-4A0A-8842-1A1851019B0D}.Release|Any CPU.ActiveCfg = Release|Any CPU
		{4D640A7A-46A6-4A0A-8842-1A1851019B0D}.Release|Any CPU.Build.0 = Release|Any CPU
	EndGlobalSection
	GlobalSection(SolutionProperties) = preSolution
		HideSolutionNode = FALSE
	EndGlobalSection
	GlobalSection(ExtensibilityGlobals) = postSolution
		SolutionGuid = {86B3F5B9-F6D5-460E-BD35-D07FDF68A9B6}
	EndGlobalSection
EndGlobal
