
Microsoft Visual Studio Solution File, Format Version 12.00
# Visual Studio 15
VisualStudioVersion = 15.0.28010.2036
MinimumVisualStudioVersion = 10.0.40219.1
Project("{FAE04EC0-301F-11D3-BF4B-00C04F79EFBC}") = "P01-SoftUniReception", "P01-SoftUniReception\P01-SoftUniReception.csproj", "{09757621-593C-4424-9B6F-22DFAEB195BC}"
EndProject
Project("{FAE04EC0-301F-11D3-BF4B-00C04F79EFBC}") = "P02-SoftUniCoursePlanning", "P02-SoftUniCoursePlanning\P02-SoftUniCoursePlanning.csproj", "{3F9D61B1-8E8E-4A98-AF7B-9CAC49A2791F}"
EndProject
Global
	GlobalSection(SolutionConfigurationPlatforms) = preSolution
		Debug|Any CPU = Debug|Any CPU
		Release|Any CPU = Release|Any CPU
	EndGlobalSection
	GlobalSection(ProjectConfigurationPlatforms) = postSolution
		{09757621-593C-4424-9B6F-22DFAEB195BC}.Debug|Any CPU.ActiveCfg = Debug|Any CPU
		{09757621-593C-4424-9B6F-22DFAEB195BC}.Debug|Any CPU.Build.0 = Debug|Any CPU
		{09757621-593C-4424-9B6F-22DFAEB195BC}.Release|Any CPU.ActiveCfg = Release|Any CPU
		{09757621-593C-4424-9B6F-22DFAEB195BC}.Release|Any CPU.Build.0 = Release|Any CPU
		{3F9D61B1-8E8E-4A98-AF7B-9CAC49A2791F}.Debug|Any CPU.ActiveCfg = Debug|Any CPU
		{3F9D61B1-8E8E-4A98-AF7B-9CAC49A2791F}.Debug|Any CPU.Build.0 = Debug|Any CPU
		{3F9D61B1-8E8E-4A98-AF7B-9CAC49A2791F}.Release|Any CPU.ActiveCfg = Release|Any CPU
		{3F9D61B1-8E8E-4A98-AF7B-9CAC49A2791F}.Release|Any CPU.Build.0 = Release|Any CPU
	EndGlobalSection
	GlobalSection(SolutionProperties) = preSolution
		HideSolutionNode = FALSE
	EndGlobalSection
	GlobalSection(ExtensibilityGlobals) = postSolution
		SolutionGuid = {444A5286-0DB5-416F-A692-E5491B4C2AE1}
	EndGlobalSection
EndGlobal
